PODS:
  - CWLateralSlide (1.6.5)
  - HBDNavigationBar (1.5.2)

DEPENDENCIES:
  - CWLateralSlide
  - HBDNavigationBar

SPEC REPOS:
  trunk:
    - CWLateralSlide
    - HBDNavigationBar

SPEC CHECKSUMS:
  CWLateralSlide: 8939c8dea91a24e40d0793553118cb57cd67f64b
  HBDNavigationBar: 1c470db0183d1aa8cbb4912196cfb10752eebcc8

PODFILE CHECKSUM: 0cc28e9c1c17cd979a2f964de4845b83cf1bd9f7

COCOAPODS: 1.9.1
